
Microsoft Visual Studio Solution File, Format Version 12.00
# Visual Studio 15
VisualStudioVersion = 15.0.27130.2027
MinimumVisualStudioVersion = 10.0.40219.1
Project("{FAE04EC0-301F-11D3-BF4B-00C04F79EFBC}") = "Lab02Person", "Lab02Person\Lab02Person.csproj", "{A5DCD3EE-0979-41C0-A311-26CB8612F183}"
EndProject
Global
	GlobalSection(SolutionConfigurationPlatforms) = preSolution
		Debug|Any CPU = Debug|Any CPU
		Release|Any CPU = Release|Any CPU
	EndGlobalSection
	GlobalSection(ProjectConfigurationPlatforms) = postSolution
		{A5DCD3EE-0979-41C0-A311-26CB8612F183}.Debug|Any CPU.ActiveCfg = Debug|Any CPU
		{A5DCD3EE-0979-41C0-A311-26CB8612F183}.Debug|Any CPU.Build.0 = Debug|Any CPU
		{A5DCD3EE-0979-41C0-A311-26CB8612F183}.Release|Any CPU.ActiveCfg = Release|Any CPU
		{A5DCD3EE-0979-41C0-A311-26CB8612F183}.Release|Any CPU.Build.0 = Release|Any CPU
	EndGlobalSection
	GlobalSection(SolutionProperties) = preSolution
		HideSolutionNode = FALSE
	EndGlobalSection
	GlobalSection(ExtensibilityGlobals) = postSolution
		SolutionGuid = {751F4BEC-B8CC-425D-832E-8A93D93CF82D}
	EndGlobalSection
EndGlobal
